
Microsoft Visual Studio Solution File, Format Version 12.00
Project("{2150E333-8FDC-42A3-9474-1A3956D46DE8}") = "src", "src", "{7800FCEF-68F8-4456-AD29-BA73B1E05248}"
EndProject
Project("{2150E333-8FDC-42A3-9474-1A3956D46DE8}") = "tests", "tests", "{DABBE420-FA50-4CDF-A0E1-28C61E1BCCD7}"
EndProject
Project("{2150E333-8FDC-42A3-9474-1A3956D46DE8}") = "Application", "Application", "{9524C128-DC6D-4A17-8E0F-6C2431A59471}"
EndProject
Project("{2150E333-8FDC-42A3-9474-1A3956D46DE8}") = "Infrastructure", "Infrastructure", "{D8359BC7-3B71-4318-8B26-65560485BBFE}"
EndProject
Project("{2150E333-8FDC-42A3-9474-1A3956D46DE8}") = "Presentation", "Presentation", "{82430DF5-D0BD-493A-9800-2E59F056CEF8}"
EndProject
Project("{FAE04EC0-301F-11D3-BF4B-00C04F79EFBC}") = "Application", "src\Application\Application\Application.csproj", "{13693FEA-7384-421F-A3CA-C3EC38435165}"
EndProject
Project("{FAE04EC0-301F-11D3-BF4B-00C04F79EFBC}") = "Application.Abstractions", "src\Application\Application.Abstractions\Application.Abstractions.csproj", "{150DBA52-F6F8-4C6C-BFE3-E1CF9BA30815}"
EndProject
Project("{FAE04EC0-301F-11D3-BF4B-00C04F79EFBC}") = "Application.Contracts", "src\Application\Application.Contracts\Application.Contracts.csproj", "{2881D7F5-5061-496C-A527-D9373348B6A6}"
EndProject
Project("{FAE04EC0-301F-11D3-BF4B-00C04F79EFBC}") = "Application.Models", "src\Application\Application.Models\Application.Models.csproj", "{35B4F471-611F-4F44-89C2-8778B21A1AE3}"
EndProject
Project("{FAE04EC0-301F-11D3-BF4B-00C04F79EFBC}") = "Infrastructure.DataAccess", "src\Infrastructure\Infrastructure.DataAccess\Infrastructure.DataAccess.csproj", "{5F637C66-7825-478B-8A2E-1D4A3BEA08AA}"
EndProject
Project("{FAE04EC0-301F-11D3-BF4B-00C04F79EFBC}") = "Presentation.Console", "src\Presentation\Presentation.Console\Presentation.Console.csproj", "{9E251740-9D3B-4913-AA32-26B28CF3F71D}"
EndProject
Project("{FAE04EC0-301F-11D3-BF4B-00C04F79EFBC}") = "ApplicationRunner", "src\ApplicationRunner\ApplicationRunner.csproj", "{67B0E9AA-B7DF-466E-B82C-EF533841F707}"
EndProject
Project("{FAE04EC0-301F-11D3-BF4B-00C04F79EFBC}") = "RepositoryTests", "tests\RepositoryTests\RepositoryTests.csproj", "{3CDF075D-06C5-4061-9FE9-16C908B0E2FA}"
EndProject
Global
	GlobalSection(SolutionConfigurationPlatforms) = preSolution
		Debug|Any CPU = Debug|Any CPU
		Release|Any CPU = Release|Any CPU
	EndGlobalSection
	GlobalSection(ProjectConfigurationPlatforms) = postSolution
		{13693FEA-7384-421F-A3CA-C3EC38435165}.Debug|Any CPU.ActiveCfg = Debug|Any CPU
		{13693FEA-7384-421F-A3CA-C3EC38435165}.Debug|Any CPU.Build.0 = Debug|Any CPU
		{13693FEA-7384-421F-A3CA-C3EC38435165}.Release|Any CPU.ActiveCfg = Release|Any CPU
		{13693FEA-7384-421F-A3CA-C3EC38435165}.Release|Any CPU.Build.0 = Release|Any CPU
		{150DBA52-F6F8-4C6C-BFE3-E1CF9BA30815}.Debug|Any CPU.ActiveCfg = Debug|Any CPU
		{150DBA52-F6F8-4C6C-BFE3-E1CF9BA30815}.Debug|Any CPU.Build.0 = Debug|Any CPU
		{150DBA52-F6F8-4C6C-BFE3-E1CF9BA30815}.Release|Any CPU.ActiveCfg = Release|Any CPU
		{150DBA52-F6F8-4C6C-BFE3-E1CF9BA30815}.Release|Any CPU.Build.0 = Release|Any CPU
		{2881D7F5-5061-496C-A527-D9373348B6A6}.Debug|Any CPU.ActiveCfg = Debug|Any CPU
		{2881D7F5-5061-496C-A527-D9373348B6A6}.Debug|Any CPU.Build.0 = Debug|Any CPU
		{2881D7F5-5061-496C-A527-D9373348B6A6}.Release|Any CPU.ActiveCfg = Release|Any CPU
		{2881D7F5-5061-496C-A527-D9373348B6A6}.Release|Any CPU.Build.0 = Release|Any CPU
		{35B4F471-611F-4F44-89C2-8778B21A1AE3}.Debug|Any CPU.ActiveCfg = Debug|Any CPU
		{35B4F471-611F-4F44-89C2-8778B21A1AE3}.Debug|Any CPU.Build.0 = Debug|Any CPU
		{35B4F471-611F-4F44-89C2-8778B21A1AE3}.Release|Any CPU.ActiveCfg = Release|Any CPU
		{35B4F471-611F-4F44-89C2-8778B21A1AE3}.Release|Any CPU.Build.0 = Release|Any CPU
		{5F637C66-7825-478B-8A2E-1D4A3BEA08AA}.Debug|Any CPU.ActiveCfg = Debug|Any CPU
		{5F637C66-7825-478B-8A2E-1D4A3BEA08AA}.Debug|Any CPU.Build.0 = Debug|Any CPU
		{5F637C66-7825-478B-8A2E-1D4A3BEA08AA}.Release|Any CPU.ActiveCfg = Release|Any CPU
		{5F637C66-7825-478B-8A2E-1D4A3BEA08AA}.Release|Any CPU.Build.0 = Release|Any CPU
		{9E251740-9D3B-4913-AA32-26B28CF3F71D}.Debug|Any CPU.ActiveCfg = Debug|Any CPU
		{9E251740-9D3B-4913-AA32-26B28CF3F71D}.Debug|Any CPU.Build.0 = Debug|Any CPU
		{9E251740-9D3B-4913-AA32-26B28CF3F71D}.Release|Any CPU.ActiveCfg = Release|Any CPU
		{9E251740-9D3B-4913-AA32-26B28CF3F71D}.Release|Any CPU.Build.0 = Release|Any CPU
		{67B0E9AA-B7DF-466E-B82C-EF533841F707}.Debug|Any CPU.ActiveCfg = Debug|Any CPU
		{67B0E9AA-B7DF-466E-B82C-EF533841F707}.Debug|Any CPU.Build.0 = Debug|Any CPU
		{67B0E9AA-B7DF-466E-B82C-EF533841F707}.Release|Any CPU.ActiveCfg = Release|Any CPU
		{67B0E9AA-B7DF-466E-B82C-EF533841F707}.Release|Any CPU.Build.0 = Release|Any CPU
		{3CDF075D-06C5-4061-9FE9-16C908B0E2FA}.Debug|Any CPU.ActiveCfg = Debug|Any CPU
		{3CDF075D-06C5-4061-9FE9-16C908B0E2FA}.Debug|Any CPU.Build.0 = Debug|Any CPU
		{3CDF075D-06C5-4061-9FE9-16C908B0E2FA}.Release|Any CPU.ActiveCfg = Release|Any CPU
		{3CDF075D-06C5-4061-9FE9-16C908B0E2FA}.Release|Any CPU.Build.0 = Release|Any CPU
	EndGlobalSection
	GlobalSection(NestedProjects) = preSolution
		{9524C128-DC6D-4A17-8E0F-6C2431A59471} = {7800FCEF-68F8-4456-AD29-BA73B1E05248}
		{D8359BC7-3B71-4318-8B26-65560485BBFE} = {7800FCEF-68F8-4456-AD29-BA73B1E05248}
		{82430DF5-D0BD-493A-9800-2E59F056CEF8} = {7800FCEF-68F8-4456-AD29-BA73B1E05248}
		{13693FEA-7384-421F-A3CA-C3EC38435165} = {9524C128-DC6D-4A17-8E0F-6C2431A59471}
		{150DBA52-F6F8-4C6C-BFE3-E1CF9BA30815} = {9524C128-DC6D-4A17-8E0F-6C2431A59471}
		{2881D7F5-5061-496C-A527-D9373348B6A6} = {9524C128-DC6D-4A17-8E0F-6C2431A59471}
		{35B4F471-611F-4F44-89C2-8778B21A1AE3} = {9524C128-DC6D-4A17-8E0F-6C2431A59471}
		{5F637C66-7825-478B-8A2E-1D4A3BEA08AA} = {D8359BC7-3B71-4318-8B26-65560485BBFE}
		{9E251740-9D3B-4913-AA32-26B28CF3F71D} = {82430DF5-D0BD-493A-9800-2E59F056CEF8}
		{67B0E9AA-B7DF-466E-B82C-EF533841F707} = {7800FCEF-68F8-4456-AD29-BA73B1E05248}
		{3CDF075D-06C5-4061-9FE9-16C908B0E2FA} = {DABBE420-FA50-4CDF-A0E1-28C61E1BCCD7}
	EndGlobalSection
					GlobalSection(ProjectConfigurationPlatforms) = postSolution
						{EABA4888-E6C1-4ACC-856E-FBD34CEA3EDB}.Debug|Any CPU.ActiveCfg = Debug|Any CPU
						{EABA4888-E6C1-4ACC-856E-FBD34CEA3EDB}.Debug|Any CPU.Build.0 = Debug|Any CPU
						{EABA4888-E6C1-4ACC-856E-FBD34CEA3EDB}.Release|Any CPU.ActiveCfg = Release|Any CPU
						{EABA4888-E6C1-4ACC-856E-FBD34CEA3EDB}.Release|Any CPU.Build.0 = Release|Any CPU
						{4CA1BCBB-A6F3-4ED0-9E5F-849FF093EDE1}.Debug|Any CPU.ActiveCfg = Debug|Any CPU
						{4CA1BCBB-A6F3-4ED0-9E5F-849FF093EDE1}.Debug|Any CPU.Build.0 = Debug|Any CPU
						{4CA1BCBB-A6F3-4ED0-9E5F-849FF093EDE1}.Release|Any CPU.ActiveCfg = Release|Any CPU
						{4CA1BCBB-A6F3-4ED0-9E5F-849FF093EDE1}.Release|Any CPU.Build.0 = Release|Any CPU
						{433B9342-A6BF-4194-8F08-727AADAE7504}.Debug|Any CPU.ActiveCfg = Debug|Any CPU
						{433B9342-A6BF-4194-8F08-727AADAE7504}.Debug|Any CPU.Build.0 = Debug|Any CPU
						{433B9342-A6BF-4194-8F08-727AADAE7504}.Release|Any CPU.ActiveCfg = Release|Any CPU
						{433B9342-A6BF-4194-8F08-727AADAE7504}.Release|Any CPU.Build.0 = Release|Any CPU
						{43B4CD48-18D5-4EDE-80CB-86460F4C64CB}.Debug|Any CPU.ActiveCfg = Debug|Any CPU
						{43B4CD48-18D5-4EDE-80CB-86460F4C64CB}.Debug|Any CPU.Build.0 = Debug|Any CPU
						{43B4CD48-18D5-4EDE-80CB-86460F4C64CB}.Release|Any CPU.ActiveCfg = Release|Any CPU
						{43B4CD48-18D5-4EDE-80CB-86460F4C64CB}.Release|Any CPU.Build.0 = Release|Any CPU
						{A53D3DBD-FA2D-47B4-90A9-B44AF07ADE71}.Debug|Any CPU.ActiveCfg = Debug|Any CPU
						{A53D3DBD-FA2D-47B4-90A9-B44AF07ADE71}.Debug|Any CPU.Build.0 = Debug|Any CPU
						{A53D3DBD-FA2D-47B4-90A9-B44AF07ADE71}.Release|Any CPU.ActiveCfg = Release|Any CPU
						{A53D3DBD-FA2D-47B4-90A9-B44AF07ADE71}.Release|Any CPU.Build.0 = Release|Any CPU
						{25D0E1F0-760B-4E76-B0D9-3EF274B35AF6}.Debug|Any CPU.ActiveCfg = Debug|Any CPU
						{25D0E1F0-760B-4E76-B0D9-3EF274B35AF6}.Debug|Any CPU.Build.0 = Debug|Any CPU
						{25D0E1F0-760B-4E76-B0D9-3EF274B35AF6}.Release|Any CPU.ActiveCfg = Release|Any CPU
						{25D0E1F0-760B-4E76-B0D9-3EF274B35AF6}.Release|Any CPU.Build.0 = Release|Any CPU
						{7E5E46DB-EF55-47E6-822A-6AE20BF2FCD9}.Debug|Any CPU.ActiveCfg = Debug|Any CPU
						{7E5E46DB-EF55-47E6-822A-6AE20BF2FCD9}.Debug|Any CPU.Build.0 = Debug|Any CPU
						{7E5E46DB-EF55-47E6-822A-6AE20BF2FCD9}.Release|Any CPU.ActiveCfg = Release|Any CPU
						{7E5E46DB-EF55-47E6-822A-6AE20BF2FCD9}.Release|Any CPU.Build.0 = Release|Any CPU
						{17689E4A-FE4F-4893-8E28-3BA911DEC8D8}.Debug|Any CPU.ActiveCfg = Debug|Any CPU
						{17689E4A-FE4F-4893-8E28-3BA911DEC8D8}.Debug|Any CPU.Build.0 = Debug|Any CPU
						{17689E4A-FE4F-4893-8E28-3BA911DEC8D8}.Release|Any CPU.ActiveCfg = Release|Any CPU
						{17689E4A-FE4F-4893-8E28-3BA911DEC8D8}.Release|Any CPU.Build.0 = Release|Any CPU
						{FA627A62-AD7A-4A72-B15C-EC8AEFD206DB}.Debug|Any CPU.ActiveCfg = Debug|Any CPU
						{FA627A62-AD7A-4A72-B15C-EC8AEFD206DB}.Debug|Any CPU.Build.0 = Debug|Any CPU
						{FA627A62-AD7A-4A72-B15C-EC8AEFD206DB}.Release|Any CPU.ActiveCfg = Release|Any CPU
						{FA627A62-AD7A-4A72-B15C-EC8AEFD206DB}.Release|Any CPU.Build.0 = Release|Any CPU
						{535B31F0-C790-45D3-A974-36A998949E88}.Debug|Any CPU.ActiveCfg = Debug|Any CPU
						{535B31F0-C790-45D3-A974-36A998949E88}.Debug|Any CPU.Build.0 = Debug|Any CPU
						{535B31F0-C790-45D3-A974-36A998949E88}.Release|Any CPU.ActiveCfg = Release|Any CPU
						{535B31F0-C790-45D3-A974-36A998949E88}.Release|Any CPU.Build.0 = Release|Any CPU
						{AFCA6663-6361-4EF0-A015-98D24B4F5A42}.Debug|Any CPU.ActiveCfg = Debug|Any CPU
						{AFCA6663-6361-4EF0-A015-98D24B4F5A42}.Debug|Any CPU.Build.0 = Debug|Any CPU
						{AFCA6663-6361-4EF0-A015-98D24B4F5A42}.Release|Any CPU.ActiveCfg = Release|Any CPU
						{AFCA6663-6361-4EF0-A015-98D24B4F5A42}.Release|Any CPU.Build.0 = Release|Any CPU
						{8ADE1475-E61B-4479-BF0B-A9F56224F5D4}.Debug|Any CPU.ActiveCfg = Debug|Any CPU
						{8ADE1475-E61B-4479-BF0B-A9F56224F5D4}.Debug|Any CPU.Build.0 = Debug|Any CPU
						{8ADE1475-E61B-4479-BF0B-A9F56224F5D4}.Release|Any CPU.ActiveCfg = Release|Any CPU
						{8ADE1475-E61B-4479-BF0B-A9F56224F5D4}.Release|Any CPU.Build.0 = Release|Any CPU
						{A030ACB4-6E2A-4A1C-880F-55C636B8F013}.Debug|Any CPU.ActiveCfg = Debug|Any CPU
						{A030ACB4-6E2A-4A1C-880F-55C636B8F013}.Debug|Any CPU.Build.0 = Debug|Any CPU
						{A030ACB4-6E2A-4A1C-880F-55C636B8F013}.Release|Any CPU.ActiveCfg = Release|Any CPU
						{A030ACB4-6E2A-4A1C-880F-55C636B8F013}.Release|Any CPU.Build.0 = Release|Any CPU
						{A0CF6394-67D2-48D9-AF83-95E0FE67613E}.Debug|Any CPU.ActiveCfg = Debug|Any CPU
						{A0CF6394-67D2-48D9-AF83-95E0FE67613E}.Debug|Any CPU.Build.0 = Debug|Any CPU
						{A0CF6394-67D2-48D9-AF83-95E0FE67613E}.Release|Any CPU.ActiveCfg = Release|Any CPU
						{A0CF6394-67D2-48D9-AF83-95E0FE67613E}.Release|Any CPU.Build.0 = Release|Any CPU
						{C25520BC-37D0-40CB-9CDF-FD3993651E78}.Debug|Any CPU.ActiveCfg = Debug|Any CPU
						{C25520BC-37D0-40CB-9CDF-FD3993651E78}.Debug|Any CPU.Build.0 = Debug|Any CPU
						{C25520BC-37D0-40CB-9CDF-FD3993651E78}.Release|Any CPU.ActiveCfg = Release|Any CPU
						{C25520BC-37D0-40CB-9CDF-FD3993651E78}.Release|Any CPU.Build.0 = Release|Any CPU
						{75CADE73-4E25-4155-8803-B456B8072E30}.Debug|Any CPU.ActiveCfg = Debug|Any CPU
						{75CADE73-4E25-4155-8803-B456B8072E30}.Debug|Any CPU.Build.0 = Debug|Any CPU
						{75CADE73-4E25-4155-8803-B456B8072E30}.Release|Any CPU.ActiveCfg = Release|Any CPU
						{75CADE73-4E25-4155-8803-B456B8072E30}.Release|Any CPU.Build.0 = Release|Any CPU
					EndGlobalSection
EndGlobal
